
Microsoft Visual Studio Solution File, Format Version 12.00
# Visual Studio Version 17
VisualStudioVersion = 17.5.2.0
MinimumVisualStudioVersion = 10.0.40219.1
Project("{FAE04EC0-301F-11D3-BF4B-00C04F79EFBC}") = "ArraySınıfıMethodları", "ArraySınıfıMethodları.csproj", "{860970EF-ACBB-7414-3925-B66040CBF984}"
EndProject
Global
	GlobalSection(SolutionConfigurationPlatforms) = preSolution
		Debug|Any CPU = Debug|Any CPU
		Release|Any CPU = Release|Any CPU
	EndGlobalSection
	GlobalSection(ProjectConfigurationPlatforms) = postSolution
		{860970EF-ACBB-7414-3925-B66040CBF984}.Debug|Any CPU.ActiveCfg = Debug|Any CPU
		{860970EF-ACBB-7414-3925-B66040CBF984}.Debug|Any CPU.Build.0 = Debug|Any CPU
		{860970EF-ACBB-7414-3925-B66040CBF984}.Release|Any CPU.ActiveCfg = Release|Any CPU
		{860970EF-ACBB-7414-3925-B66040CBF984}.Release|Any CPU.Build.0 = Release|Any CPU
	EndGlobalSection
	GlobalSection(SolutionProperties) = preSolution
		HideSolutionNode = FALSE
	EndGlobalSection
	GlobalSection(ExtensibilityGlobals) = postSolution
		SolutionGuid = {93270C26-E841-4B9A-B4F0-ED40CFA6333C}
	EndGlobalSection
EndGlobal
