Microsoft Visual Studio Solution File, Format Version 12.00
# Visual Studio Version 17
VisualStudioVersion = 17.5.2.0
MinimumVisualStudioVersion = 10.0.40219.1
Project("{FAE04EC0-301F-11D3-BF4B-00C04F79EFBC}") = "KarakterDegistirme", "KarakterDegistirme.csproj", "{969C0F84-9B70-2150-EACD-630F0D2B18F0}"
EndProject
Global
	GlobalSection(SolutionConfigurationPlatforms) = preSolution
		Debug|Any CPU = Debug|Any CPU
		Release|Any CPU = Release|Any CPU
	EndGlobalSection
	GlobalSection(ProjectConfigurationPlatforms) = postSolution
		{969C0F84-9B70-2150-EACD-630F0D2B18F0}.Debug|Any CPU.ActiveCfg = Debug|Any CPU
		{969C0F84-9B70-2150-EACD-630F0D2B18F0}.Debug|Any CPU.Build.0 = Debug|Any CPU
		{969C0F84-9B70-2150-EACD-630F0D2B18F0}.Release|Any CPU.ActiveCfg = Release|Any CPU
		{969C0F84-9B70-2150-EACD-630F0D2B18F0}.Release|Any CPU.Build.0 = Release|Any CPU
	EndGlobalSection
	GlobalSection(SolutionProperties) = preSolution
		HideSolutionNode = FALSE
	EndGlobalSection
	GlobalSection(ExtensibilityGlobals) = postSolution
		SolutionGuid = {196EA118-9FAD-4F75-A3BD-27E59AC84DDD}
	EndGlobalSection
EndGlobal
