Microsoft Visual Studio Solution File, Format Version 12.00
# Visual Studio Version 17
VisualStudioVersion = 17.5.2.0
MinimumVisualStudioVersion = 10.0.40219.1
Project("{FAE04EC0-301F-11D3-BF4B-00C04F79EFBC}") = "AlanHesaplama", "AlanHesaplama.csproj", "{FB96CEA6-0846-1A2B-9DC5-810C25686B2E}"
EndProject
Global
	GlobalSection(SolutionConfigurationPlatforms) = preSolution
		Debug|Any CPU = Debug|Any CPU
		Release|Any CPU = Release|Any CPU
	EndGlobalSection
	GlobalSection(ProjectConfigurationPlatforms) = postSolution
		{FB96CEA6-0846-1A2B-9DC5-810C25686B2E}.Debug|Any CPU.ActiveCfg = Debug|Any CPU
		{FB96CEA6-0846-1A2B-9DC5-810C25686B2E}.Debug|Any CPU.Build.0 = Debug|Any CPU
		{FB96CEA6-0846-1A2B-9DC5-810C25686B2E}.Release|Any CPU.ActiveCfg = Release|Any CPU
		{FB96CEA6-0846-1A2B-9DC5-810C25686B2E}.Release|Any CPU.Build.0 = Release|Any CPU
	EndGlobalSection
	GlobalSection(SolutionProperties) = preSolution
		HideSolutionNode = FALSE
	EndGlobalSection
	GlobalSection(ExtensibilityGlobals) = postSolution
		SolutionGuid = {0A0DCB01-3A74-43CE-95F6-C23A17E1E40D}
	EndGlobalSection
EndGlobal
