Microsoft Visual Studio Solution File, Format Version 12.00
# Visual Studio Version 17
VisualStudioVersion = 17.5.2.0
MinimumVisualStudioVersion = 10.0.40219.1
Project("{FAE04EC0-301F-11D3-BF4B-00C04F79EFBC}") = "TelefonRehberi", "TelefonRehberi.csproj", "{0AE089FA-3B41-959B-E49C-7D8C8521E4B5}"
EndProject
Global
	GlobalSection(SolutionConfigurationPlatforms) = preSolution
		Debug|Any CPU = Debug|Any CPU
		Release|Any CPU = Release|Any CPU
	EndGlobalSection
	GlobalSection(ProjectConfigurationPlatforms) = postSolution
		{0AE089FA-3B41-959B-E49C-7D8C8521E4B5}.Debug|Any CPU.ActiveCfg = Debug|Any CPU
		{0AE089FA-3B41-959B-E49C-7D8C8521E4B5}.Debug|Any CPU.Build.0 = Debug|Any CPU
		{0AE089FA-3B41-959B-E49C-7D8C8521E4B5}.Release|Any CPU.ActiveCfg = Release|Any CPU
		{0AE089FA-3B41-959B-E49C-7D8C8521E4B5}.Release|Any CPU.Build.0 = Release|Any CPU
	EndGlobalSection
	GlobalSection(SolutionProperties) = preSolution
		HideSolutionNode = FALSE
	EndGlobalSection
	GlobalSection(ExtensibilityGlobals) = postSolution
		SolutionGuid = {F9E79362-BF2B-4817-9CEA-5E3626C5654A}
	EndGlobalSection
EndGlobal
