Microsoft Visual Studio Solution File, Format Version 12.00
# Visual Studio Version 17
VisualStudioVersion = 17.5.2.0
MinimumVisualStudioVersion = 10.0.40219.1
Project("{FAE04EC0-301F-11D3-BF4B-00C04F79EFBC}") = "StringMetotlar", "StringMetotlar.csproj", "{CF9384A1-A926-BF9F-E7EC-BF654EF9F789}"
EndProject
Global
	GlobalSection(SolutionConfigurationPlatforms) = preSolution
		Debug|Any CPU = Debug|Any CPU
		Release|Any CPU = Release|Any CPU
	EndGlobalSection
	GlobalSection(ProjectConfigurationPlatforms) = postSolution
		{CF9384A1-A926-BF9F-E7EC-BF654EF9F789}.Debug|Any CPU.ActiveCfg = Debug|Any CPU
		{CF9384A1-A926-BF9F-E7EC-BF654EF9F789}.Debug|Any CPU.Build.0 = Debug|Any CPU
		{CF9384A1-A926-BF9F-E7EC-BF654EF9F789}.Release|Any CPU.ActiveCfg = Release|Any CPU
		{CF9384A1-A926-BF9F-E7EC-BF654EF9F789}.Release|Any CPU.Build.0 = Release|Any CPU
	EndGlobalSection
	GlobalSection(SolutionProperties) = preSolution
		HideSolutionNode = FALSE
	EndGlobalSection
	GlobalSection(ExtensibilityGlobals) = postSolution
		SolutionGuid = {969B855A-7124-47FA-A24F-ACFBE70F81AF}
	EndGlobalSection
EndGlobal
