Microsoft Visual Studio Solution File, Format Version 12.00
# Visual Studio Version 17
VisualStudioVersion = 17.5.2.0
MinimumVisualStudioVersion = 10.0.40219.1
Project("{FAE04EC0-301F-11D3-BF4B-00C04F79EFBC}") = "EnumKavrami", "EnumKavrami.csproj", "{05239294-67C9-9DE8-841A-3C4805BE0B96}"
EndProject
Global
	GlobalSection(SolutionConfigurationPlatforms) = preSolution
		Debug|Any CPU = Debug|Any CPU
		Release|Any CPU = Release|Any CPU
	EndGlobalSection
	GlobalSection(ProjectConfigurationPlatforms) = postSolution
		{05239294-67C9-9DE8-841A-3C4805BE0B96}.Debug|Any CPU.ActiveCfg = Debug|Any CPU
		{05239294-67C9-9DE8-841A-3C4805BE0B96}.Debug|Any CPU.Build.0 = Debug|Any CPU
		{05239294-67C9-9DE8-841A-3C4805BE0B96}.Release|Any CPU.ActiveCfg = Release|Any CPU
		{05239294-67C9-9DE8-841A-3C4805BE0B96}.Release|Any CPU.Build.0 = Release|Any CPU
	EndGlobalSection
	GlobalSection(SolutionProperties) = preSolution
		HideSolutionNode = FALSE
	EndGlobalSection
	GlobalSection(ExtensibilityGlobals) = postSolution
		SolutionGuid = {7B976DB5-AF8B-4CC4-BF23-5D1C6C5D0145}
	EndGlobalSection
EndGlobal
