Microsoft Visual Studio Solution File, Format Version 12.00
# Visual Studio Version 17
VisualStudioVersion = 17.5.2.0
MinimumVisualStudioVersion = 10.0.40219.1
Project("{FAE04EC0-301F-11D3-BF4B-00C04F79EFBC}") = "OrtalamaHesaplama", "OrtalamaHesaplama.csproj", "{878B2418-DC8B-A995-1480-15F078042F40}"
EndProject
Global
	GlobalSection(SolutionConfigurationPlatforms) = preSolution
		Debug|Any CPU = Debug|Any CPU
		Release|Any CPU = Release|Any CPU
	EndGlobalSection
	GlobalSection(ProjectConfigurationPlatforms) = postSolution
		{878B2418-DC8B-A995-1480-15F078042F40}.Debug|Any CPU.ActiveCfg = Debug|Any CPU
		{878B2418-DC8B-A995-1480-15F078042F40}.Debug|Any CPU.Build.0 = Debug|Any CPU
		{878B2418-DC8B-A995-1480-15F078042F40}.Release|Any CPU.ActiveCfg = Release|Any CPU
		{878B2418-DC8B-A995-1480-15F078042F40}.Release|Any CPU.Build.0 = Release|Any CPU
	EndGlobalSection
	GlobalSection(SolutionProperties) = preSolution
		HideSolutionNode = FALSE
	EndGlobalSection
	GlobalSection(ExtensibilityGlobals) = postSolution
		SolutionGuid = {B4E56CF2-C77B-40B0-9B0C-30D757EC8AE7}
	EndGlobalSection
EndGlobal
