Microsoft Visual Studio Solution File, Format Version 12.00
# Visual Studio Version 17
VisualStudioVersion = 17.5.2.0
MinimumVisualStudioVersion = 10.0.40219.1
Project("{FAE04EC0-301F-11D3-BF4B-00C04F79EFBC}") = "Tanimlama_Erisim_ve_Dongulerle_Dizi_Kullanimi", "Tanimlama_Erisim_ve_Dongulerle_Dizi_Kullanimi.csproj", "{A389ED63-6224-F95A-0693-6F1A852C80FF}"
EndProject
Global
	GlobalSection(SolutionConfigurationPlatforms) = preSolution
		Debug|Any CPU = Debug|Any CPU
		Release|Any CPU = Release|Any CPU
	EndGlobalSection
	GlobalSection(ProjectConfigurationPlatforms) = postSolution
		{A389ED63-6224-F95A-0693-6F1A852C80FF}.Debug|Any CPU.ActiveCfg = Debug|Any CPU
		{A389ED63-6224-F95A-0693-6F1A852C80FF}.Debug|Any CPU.Build.0 = Debug|Any CPU
		{A389ED63-6224-F95A-0693-6F1A852C80FF}.Release|Any CPU.ActiveCfg = Release|Any CPU
		{A389ED63-6224-F95A-0693-6F1A852C80FF}.Release|Any CPU.Build.0 = Release|Any CPU
	EndGlobalSection
	GlobalSection(SolutionProperties) = preSolution
		HideSolutionNode = FALSE
	EndGlobalSection
	GlobalSection(ExtensibilityGlobals) = postSolution
		SolutionGuid = {C687E0B9-2BE3-4083-A5A5-E830B8F66BEB}
	EndGlobalSection
EndGlobal
