Microsoft Visual Studio Solution File, Format Version 12.00
# Visual Studio Version 17
VisualStudioVersion = 17.5.2.0
MinimumVisualStudioVersion = 10.0.40219.1
Project("{FAE04EC0-301F-11D3-BF4B-00C04F79EFBC}") = "ArrayList", "ArrayList.csproj", "{2DF0E805-3157-CB1A-6CBA-31430625DF83}"
EndProject
Global
	GlobalSection(SolutionConfigurationPlatforms) = preSolution
		Debug|Any CPU = Debug|Any CPU
		Release|Any CPU = Release|Any CPU
	EndGlobalSection
	GlobalSection(ProjectConfigurationPlatforms) = postSolution
		{2DF0E805-3157-CB1A-6CBA-31430625DF83}.Debug|Any CPU.ActiveCfg = Debug|Any CPU
		{2DF0E805-3157-CB1A-6CBA-31430625DF83}.Debug|Any CPU.Build.0 = Debug|Any CPU
		{2DF0E805-3157-CB1A-6CBA-31430625DF83}.Release|Any CPU.ActiveCfg = Release|Any CPU
		{2DF0E805-3157-CB1A-6CBA-31430625DF83}.Release|Any CPU.Build.0 = Release|Any CPU
	EndGlobalSection
	GlobalSection(SolutionProperties) = preSolution
		HideSolutionNode = FALSE
	EndGlobalSection
	GlobalSection(ExtensibilityGlobals) = postSolution
		SolutionGuid = {5FA3E95D-7862-45BA-B349-6BBC970E6F43}
	EndGlobalSection
EndGlobal
