Microsoft Visual Studio Solution File, Format Version 12.00
# Visual Studio Version 17
VisualStudioVersion = 17.5.2.0
MinimumVisualStudioVersion = 10.0.40219.1
Project("{FAE04EC0-301F-11D3-BF4B-00C04F79EFBC}") = "StaticSinifVeUyeler", "StaticSinifVeUyeler.csproj", "{20C3C9F5-7CBD-F217-BEC0-3FD821EC9527}"
EndProject
Global
	GlobalSection(SolutionConfigurationPlatforms) = preSolution
		Debug|Any CPU = Debug|Any CPU
		Release|Any CPU = Release|Any CPU
	EndGlobalSection
	GlobalSection(ProjectConfigurationPlatforms) = postSolution
		{20C3C9F5-7CBD-F217-BEC0-3FD821EC9527}.Debug|Any CPU.ActiveCfg = Debug|Any CPU
		{20C3C9F5-7CBD-F217-BEC0-3FD821EC9527}.Debug|Any CPU.Build.0 = Debug|Any CPU
		{20C3C9F5-7CBD-F217-BEC0-3FD821EC9527}.Release|Any CPU.ActiveCfg = Release|Any CPU
		{20C3C9F5-7CBD-F217-BEC0-3FD821EC9527}.Release|Any CPU.Build.0 = Release|Any CPU
	EndGlobalSection
	GlobalSection(SolutionProperties) = preSolution
		HideSolutionNode = FALSE
	EndGlobalSection
	GlobalSection(ExtensibilityGlobals) = postSolution
		SolutionGuid = {392E389B-ED93-4B56-8631-2E9F56864E42}
	EndGlobalSection
EndGlobal
