Microsoft Visual Studio Solution File, Format Version 12.00
# Visual Studio Version 17
VisualStudioVersion = 17.5.2.0
MinimumVisualStudioVersion = 10.0.40219.1
Project("{FAE04EC0-301F-11D3-BF4B-00C04F79EFBC}") = "InstanceFieldProperty", "InstanceFieldProperty.csproj", "{1914AA9C-B6AE-66A8-2EE5-893791F269CA}"
EndProject
Global
	GlobalSection(SolutionConfigurationPlatforms) = preSolution
		Debug|Any CPU = Debug|Any CPU
		Release|Any CPU = Release|Any CPU
	EndGlobalSection
	GlobalSection(ProjectConfigurationPlatforms) = postSolution
		{1914AA9C-B6AE-66A8-2EE5-893791F269CA}.Debug|Any CPU.ActiveCfg = Debug|Any CPU
		{1914AA9C-B6AE-66A8-2EE5-893791F269CA}.Debug|Any CPU.Build.0 = Debug|Any CPU
		{1914AA9C-B6AE-66A8-2EE5-893791F269CA}.Release|Any CPU.ActiveCfg = Release|Any CPU
		{1914AA9C-B6AE-66A8-2EE5-893791F269CA}.Release|Any CPU.Build.0 = Release|Any CPU
	EndGlobalSection
	GlobalSection(SolutionProperties) = preSolution
		HideSolutionNode = FALSE
	EndGlobalSection
	GlobalSection(ExtensibilityGlobals) = postSolution
		SolutionGuid = {465CD335-2F0D-44A3-9068-2EB3A82FD638}
	EndGlobalSection
EndGlobal
