Microsoft Visual Studio Solution File, Format Version 12.00
# Visual Studio Version 17
VisualStudioVersion = 17.5.2.0
MinimumVisualStudioVersion = 10.0.40219.1
Project("{FAE04EC0-301F-11D3-BF4B-00C04F79EFBC}") = "operatorler", "operatorler.csproj", "{A8EABDF6-39A8-B484-4B2E-376C5C7475EE}"
EndProject
Global
	GlobalSection(SolutionConfigurationPlatforms) = preSolution
		Debug|Any CPU = Debug|Any CPU
		Release|Any CPU = Release|Any CPU
	EndGlobalSection
	GlobalSection(ProjectConfigurationPlatforms) = postSolution
		{A8EABDF6-39A8-B484-4B2E-376C5C7475EE}.Debug|Any CPU.ActiveCfg = Debug|Any CPU
		{A8EABDF6-39A8-B484-4B2E-376C5C7475EE}.Debug|Any CPU.Build.0 = Debug|Any CPU
		{A8EABDF6-39A8-B484-4B2E-376C5C7475EE}.Release|Any CPU.ActiveCfg = Release|Any CPU
		{A8EABDF6-39A8-B484-4B2E-376C5C7475EE}.Release|Any CPU.Build.0 = Release|Any CPU
	EndGlobalSection
	GlobalSection(SolutionProperties) = preSolution
		HideSolutionNode = FALSE
	EndGlobalSection
	GlobalSection(ExtensibilityGlobals) = postSolution
		SolutionGuid = {CC1A973F-2F14-448A-9C5C-174410BF599E}
	EndGlobalSection
EndGlobal
